
Microsoft Visual Studio Solution File, Format Version 12.00
# Visual Studio 14
VisualStudioVersion = 14.0.25420.1
MinimumVisualStudioVersion = 10.0.40219.1
Project("{FAE04EC0-301F-11D3-BF4B-00C04F79EFBC}") = "AddTeacherNo", "AddTeacherNo\AddTeacherNo.csproj", "{10B07AF7-9570-498C-A7F7-7754A2400EB9}"
EndProject
Project("{FAE04EC0-301F-11D3-BF4B-00C04F79EFBC}") = "DBLib", "DBLib\DBLib.csproj", "{8E263E9F-FCDB-4514-8387-8E442B5F9DE4}"
EndProject
Global
	GlobalSection(SolutionConfigurationPlatforms) = preSolution
		Debug|Any CPU = Debug|Any CPU
		Release|Any CPU = Release|Any CPU
	EndGlobalSection
	GlobalSection(ProjectConfigurationPlatforms) = postSolution
		{10B07AF7-9570-498C-A7F7-7754A2400EB9}.Debug|Any CPU.ActiveCfg = Debug|Any CPU
		{10B07AF7-9570-498C-A7F7-7754A2400EB9}.Debug|Any CPU.Build.0 = Debug|Any CPU
		{10B07AF7-9570-498C-A7F7-7754A2400EB9}.Release|Any CPU.ActiveCfg = Release|Any CPU
		{10B07AF7-9570-498C-A7F7-7754A2400EB9}.Release|Any CPU.Build.0 = Release|Any CPU
		{8E263E9F-FCDB-4514-8387-8E442B5F9DE4}.Debug|Any CPU.ActiveCfg = Debug|Any CPU
		{8E263E9F-FCDB-4514-8387-8E442B5F9DE4}.Debug|Any CPU.Build.0 = Debug|Any CPU
		{8E263E9F-FCDB-4514-8387-8E442B5F9DE4}.Release|Any CPU.ActiveCfg = Release|Any CPU
		{8E263E9F-FCDB-4514-8387-8E442B5F9DE4}.Release|Any CPU.Build.0 = Release|Any CPU
	EndGlobalSection
	GlobalSection(SolutionProperties) = preSolution
		HideSolutionNode = FALSE
	EndGlobalSection
EndGlobal
